github.com/ulikunitz/lz v0.6.0 h1:VhycyXgBmEa84JApF2U+JyMmpkeMkabsR0f9C+6bcKo=
github.com/ulikunitz/lz v0.6.0/go.mod h1:kOcqmi51jCj0bKudgng90P1ho4uyQLKzkGaoPBhS+pE=
github.com/ulikunitz/lz v0.6.1 h1:AkJlRrDWxu3zpsG9oaK0GukIDwaaPrENcgrsD+VeBSA=
github.com/ulikunitz/lz v0.6.1/go.mod h1:kOcqmi51jCj0bKudgng90P1ho4uyQLKzkGaoPBhS+pE=
