github.com/ulikunitz/lz v0.6.2 h1:TusaVoArWo+Zd2mL/xUv0BHJwfNmHhE9LfXtv/O95Jc=
github.com/ulikunitz/lz v0.6.2/go.mod h1:kOcqmi51jCj0bKudgng90P1ho4uyQLKzkGaoPBhS+pE=
github.com/ulikunitz/lz v0.6.3 h1:3ToYUeH83M7fBCJUfFlp2eSFBz0zzKZHVxvl+5Eeg+o=
github.com/ulikunitz/lz v0.6.3/go.mod h1:kOcqmi51jCj0bKudgng90P1ho4uyQLKzkGaoPBhS+pE=
