github.com/ulikunitz/lz v0.7.4 h1:pgwGbAxnm+Dmmk59ST+315lFLdFNjVFBcN/yqGiFHE4=
github.com/ulikunitz/lz v0.7.4/go.mod h1:CW9xtF0GU9ye8VtiY4JPcpHg4V4vjjacObQXR7pMBS8=
github.com/ulikunitz/lz v0.7.5 h1:pLRYrfSA4atERIviMdkrapvYPx/EWiOeP48oRfhm0rM=
github.com/ulikunitz/lz v0.7.5/go.mod h1:CW9xtF0GU9ye8VtiY4JPcpHg4V4vjjacObQXR7pMBS8=
